{
	"name": "@walle-cli-dev/utils",
	"version": "1.0.0",
	"lockfileVersion": 1,
	"requires": true,
	"dependencies": {
		"walle-cli-test": {
			"version": "1.1.0",
			"resolved": "https://registry.npmjs.org/walle-cli-test/-/walle-cli-test-1.1.0.tgz",
			"integrity": "sha512-ZXTWg7khFD2sICL3MBnukhQBd8/cS7meGKFv5amxEJ9vbVqx6jBWlorA4IVWtSx6OK4tkA/TqVdq2SzxyHCJmA==",
			"requires": {
				"walle-cli-test-lib": "^1.1.0"
			}
		},
		"walle-cli-test-lib": {
			"version": "1.1.0",
			"resolved": "https://registry.npmjs.org/walle-cli-test-lib/-/walle-cli-test-lib-1.1.0.tgz",
			"integrity": "sha512-mkhcPFr99rzsExNmmfezGw5KLGqeWBEM0TX0e/loZb/dYO4GIVnP9VgaROHxeUW4jKdKImwYPF1ZHWC3YJEfzw=="
		}
	}
}
